# This file is automatically @generated by Cargo.
# It is not intended for manual editing.
version = 4

[[package]]
name = "sourcetrait_almost_cli"
version = "0.0.0-1"

[[package]]
name = "sourcetrait_almost_compat"
version = "0.0.0-1"

[[package]]
name = "sourcetrait_almost_lib"
version = "0.0.0-1"
